// !$*UTF8*$!
{
	archiveVersion = 1;
	classes = {
	};
	objectVersion = 48;
	objects = {

/* Begin PBXBuildFile section */
		940325E020EF6E27005B461A /* PartJoinCollectionViewCell.swift in Sources */ = {isa = PBXBuildFile; fileRef = 940325DF20EF6E27005B461A /* PartJoinCollectionViewCell.swift */; };
		9403DD0920E8E45A0049C497 /* alarmTableViewCell.swift in Sources */ = {isa = PBXBuildFile; fileRef = 9403DD0820E8E45A0049C497 /* alarmTableViewCell.swift */; };
		9403DD0D20E8E4FC0049C497 /* chattingTableViewCell.swift in Sources */ = {isa = PBXBuildFile; fileRef = 9403DD0C20E8E4FC0049C497 /* chattingTableViewCell.swift */; };
		9403DD0F20E92B130049C497 /* CreateCollectionViewCell.swift in Sources */ = {isa = PBXBuildFile; fileRef = 9403DD0E20E92B130049C497 /* CreateCollectionViewCell.swift */; };
		9403DD1120E92B220049C497 /* DoingCollectionViewCell.swift in Sources */ = {isa = PBXBuildFile; fileRef = 9403DD1020E92B220049C497 /* DoingCollectionViewCell.swift */; };
		9403DD1320E92B340049C497 /* ApplyingCollectionViewCell.swift in Sources */ = {isa = PBXBuildFile; fileRef = 9403DD1220E92B340049C497 /* ApplyingCollectionViewCell.swift */; };
		9403DD1820E92F890049C497 /* IntroductionCollectionViewCell.swift in Sources */ = {isa = PBXBuildFile; fileRef = 9403DD1720E92F890049C497 /* IntroductionCollectionViewCell.swift */; };
		9403DD1C20E930540049C497 /* ScrapCollectionViewCell.swift in Sources */ = {isa = PBXBuildFile; fileRef = 9403DD1B20E930540049C497 /* ScrapCollectionViewCell.swift */; };
		9403DD1E20E9306C0049C497 /* MyScrapViewController.swift in Sources */ = {isa = PBXBuildFile; fileRef = 9403DD1D20E9306C0049C497 /* MyScrapViewController.swift */; };
		94057B1220E98EE3008875C5 /* FilterViewController.swift in Sources */ = {isa = PBXBuildFile; fileRef = 94057B1120E98EE3008875C5 /* FilterViewController.swift */; };
		94057B1420E9959F008875C5 /* ProjectCollectionViewCell.swift in Sources */ = {isa = PBXBuildFile; fileRef = 94057B1320E9959F008875C5 /* ProjectCollectionViewCell.swift */; };
		94057B1620E99758008875C5 /* PartCollectionViewCell.swift in Sources */ = {isa = PBXBuildFile; fileRef = 94057B1520E99758008875C5 /* PartCollectionViewCell.swift */; };
		94057B1820E9CCCF008875C5 /* CreateNewViewController.swift in Sources */ = {isa = PBXBuildFile; fileRef = 94057B1720E9CCCF008875C5 /* CreateNewViewController.swift */; };
		94057B1A20E9DA85008875C5 /* CreateNaviViewController.swift in Sources */ = {isa = PBXBuildFile; fileRef = 94057B1920E9DA85008875C5 /* CreateNaviViewController.swift */; };
		9406D25F20ECB386001B145D /* FullPlusViewController.swift in Sources */ = {isa = PBXBuildFile; fileRef = 9406D25E20ECB386001B145D /* FullPlusViewController.swift */; };
		9406D26120ECB3C9001B145D /* FullEditViewController.swift in Sources */ = {isa = PBXBuildFile; fileRef = 9406D26020ECB3C9001B145D /* FullEditViewController.swift */; };
		9406D26420ECCC33001B145D /* Project.storyboard in Resources */ = {isa = PBXBuildFile; fileRef = 9406D26320ECCC33001B145D /* Project.storyboard */; };
		9406D26920ECDE31001B145D /* RecruitPartViewController.swift in Sources */ = {isa = PBXBuildFile; fileRef = 9406D26820ECDE31001B145D /* RecruitPartViewController.swift */; };
		9406D26E20ECF240001B145D /* RecruitNextViewController.swift in Sources */ = {isa = PBXBuildFile; fileRef = 9406D26D20ECF240001B145D /* RecruitNextViewController.swift */; };
		9406D27720EDAEE0001B145D /* ApplyService.swift in Sources */ = {isa = PBXBuildFile; fileRef = 9406D27620EDAEE0001B145D /* ApplyService.swift */; };
		944A9F4120E8AAF900F5FE80 /* AppDelegate.swift in Sources */ = {isa = PBXBuildFile; fileRef = 944A9F4020E8AAF900F5FE80 /* AppDelegate.swift */; };
		944A9F4820E8AAF900F5FE80 /* Assets.xcassets in Resources */ = {isa = PBXBuildFile; fileRef = 944A9F4720E8AAF900F5FE80 /* Assets.xcassets */; };
		944A9F4B20E8AAF900F5FE80 /* LaunchScreen.storyboard in Resources */ = {isa = PBXBuildFile; fileRef = 944A9F4920E8AAF900F5FE80 /* LaunchScreen.storyboard */; };
		944A9F5420E8AE6800F5FE80 /* LoginViewController.swift in Sources */ = {isa = PBXBuildFile; fileRef = 944A9F5320E8AE6800F5FE80 /* LoginViewController.swift */; };
		944A9F5620E8AE8600F5FE80 /* LoginService.swift in Sources */ = {isa = PBXBuildFile; fileRef = 944A9F5520E8AE8600F5FE80 /* LoginService.swift */; };
		944A9F5820E8AED100F5FE80 /* Main.storyboard in Resources */ = {isa = PBXBuildFile; fileRef = 944A9F5720E8AED100F5FE80 /* Main.storyboard */; };
		944A9F5A20E8AFE400F5FE80 /* JoinViewController.swift in Sources */ = {isa = PBXBuildFile; fileRef = 944A9F5920E8AFE400F5FE80 /* JoinViewController.swift */; };
		944A9F5C20E8B0BE00F5FE80 /* APIService.swift in Sources */ = {isa = PBXBuildFile; fileRef = 944A9F5B20E8B0BE00F5FE80 /* APIService.swift */; };
		944A9F5E20E8B0D000F5FE80 /* JoinService.swift in Sources */ = {isa = PBXBuildFile; fileRef = 944A9F5D20E8B0D000F5FE80 /* JoinService.swift */; };
		944A9F6520E8B50500F5FE80 /* Home.storyboard in Resources */ = {isa = PBXBuildFile; fileRef = 944A9F6420E8B50500F5FE80 /* Home.storyboard */; };
		944A9F6720E8B53200F5FE80 /* HomeViewController.swift in Sources */ = {isa = PBXBuildFile; fileRef = 944A9F6620E8B53200F5FE80 /* HomeViewController.swift */; };
		944A9F6920E8B58B00F5FE80 /* SearchViewController.swift in Sources */ = {isa = PBXBuildFile; fileRef = 944A9F6820E8B58B00F5FE80 /* SearchViewController.swift */; };
		944A9F6B20E8B59400F5FE80 /* CreateViewController.swift in Sources */ = {isa = PBXBuildFile; fileRef = 944A9F6A20E8B59400F5FE80 /* CreateViewController.swift */; };
		944A9F6D20E8B5C500F5FE80 /* AlarmViewController.swift in Sources */ = {isa = PBXBuildFile; fileRef = 944A9F6C20E8B5C500F5FE80 /* AlarmViewController.swift */; };
		944A9F6F20E8B5CC00F5FE80 /* ProfileViewController.swift in Sources */ = {isa = PBXBuildFile; fileRef = 944A9F6E20E8B5CC00F5FE80 /* ProfileViewController.swift */; };
		944A9F7120E8B5D900F5FE80 /* Search.storyboard in Resources */ = {isa = PBXBuildFile; fileRef = 944A9F7020E8B5D900F5FE80 /* Search.storyboard */; };
		944A9F7320E8B5E200F5FE80 /* Create.storyboard in Resources */ = {isa = PBXBuildFile; fileRef = 944A9F7220E8B5E200F5FE80 /* Create.storyboard */; };
		944A9F7520E8B5EA00F5FE80 /* Alarm.storyboard in Resources */ = {isa = PBXBuildFile; fileRef = 944A9F7420E8B5EA00F5FE80 /* Alarm.storyboard */; };
		944A9F7820E8B5F900F5FE80 /* Profile.storyboard in Resources */ = {isa = PBXBuildFile; fileRef = 944A9F7720E8B5F900F5FE80 /* Profile.storyboard */; };
		944A9F7A20E8BB7700F5FE80 /* MyTabViewController.swift in Sources */ = {isa = PBXBuildFile; fileRef = 944A9F7920E8BB7700F5FE80 /* MyTabViewController.swift */; };
		944A9F7C20E8D3CA00F5FE80 /* projectCollectionViewCell.swift in Sources */ = {isa = PBXBuildFile; fileRef = 944A9F7B20E8D3CA00F5FE80 /* projectCollectionViewCell.swift */; };
		944A9F7E20E8DFCA00F5FE80 /* ProfileEditViewController.swift in Sources */ = {isa = PBXBuildFile; fileRef = 944A9F7D20E8DFCA00F5FE80 /* ProfileEditViewController.swift */; };
		944A9F8020E8DFE100F5FE80 /* MyPageViewController.swift in Sources */ = {isa = PBXBuildFile; fileRef = 944A9F7F20E8DFE100F5FE80 /* MyPageViewController.swift */; };
		944A9F8220E8DFF700F5FE80 /* MyProjectViewController.swift in Sources */ = {isa = PBXBuildFile; fileRef = 944A9F8120E8DFF700F5FE80 /* MyProjectViewController.swift */; };
		944A9F8420E8E00E00F5FE80 /* MyPageUpdateViewController.swift in Sources */ = {isa = PBXBuildFile; fileRef = 944A9F8320E8E00E00F5FE80 /* MyPageUpdateViewController.swift */; };
		944A9F8820E8E03D00F5FE80 /* MyBagViewController.swift in Sources */ = {isa = PBXBuildFile; fileRef = 944A9F8720E8E03D00F5FE80 /* MyBagViewController.swift */; };
		948AE9E020EFDC50003CF30F /* memTableViewCell.swift in Sources */ = {isa = PBXBuildFile; fileRef = 948AE9DF20EFDC50003CF30F /* memTableViewCell.swift */; };
		948AE9E220EFE15D003CF30F /* ApplyMemberViewController.swift in Sources */ = {isa = PBXBuildFile; fileRef = 948AE9E120EFE15D003CF30F /* ApplyMemberViewController.swift */; };
		948AE9E420EFE1C8003CF30F /* applyMemTableViewCell.swift in Sources */ = {isa = PBXBuildFile; fileRef = 948AE9E320EFE1C8003CF30F /* applyMemTableViewCell.swift */; };
		948AE9E620EFF913003CF30F /* Full.storyboard in Resources */ = {isa = PBXBuildFile; fileRef = 948AE9E520EFF913003CF30F /* Full.storyboard */; };
		948AE9E820EFFD34003CF30F /* Detail.storyboard in Resources */ = {isa = PBXBuildFile; fileRef = 948AE9E720EFFD34003CF30F /* Detail.storyboard */; };
		948AE9EA20EFFE9C003CF30F /* Recruit.storyboard in Resources */ = {isa = PBXBuildFile; fileRef = 948AE9E920EFFE9C003CF30F /* Recruit.storyboard */; };
		948AE9EF20F000CA003CF30F /* ResumeViewController.swift in Sources */ = {isa = PBXBuildFile; fileRef = 948AE9EE20F000CA003CF30F /* ResumeViewController.swift */; };
		948AE9F320F015CC003CF30F /* Apply.swift in Sources */ = {isa = PBXBuildFile; fileRef = 948AE9F220F015CC003CF30F /* Apply.swift */; };
		948AE9F520F015EA003CF30F /* ApplyData.swift in Sources */ = {isa = PBXBuildFile; fileRef = 948AE9F420F015EA003CF30F /* ApplyData.swift */; };
		948AE9FC20F02C02003CF30F /* Recruit.swift in Sources */ = {isa = PBXBuildFile; fileRef = 948AE9FB20F02C02003CF30F /* Recruit.swift */; };
		948AE9FE20F02C0C003CF30F /* RecruitData.swift in Sources */ = {isa = PBXBuildFile; fileRef = 948AE9FD20F02C0C003CF30F /* RecruitData.swift */; };
		948AEA0020F0971F003CF30F /* RecruitService.swift in Sources */ = {isa = PBXBuildFile; fileRef = 948AE9FF20F0971F003CF30F /* RecruitService.swift */; };
		948AEA0620F09898003CF30F /* Apply.storyboard in Resources */ = {isa = PBXBuildFile; fileRef = 948AEA0520F09898003CF30F /* Apply.storyboard */; };
		948AEA0D20F12ADB003CF30F /* RecruitList.swift in Sources */ = {isa = PBXBuildFile; fileRef = 948AEA0C20F12ADB003CF30F /* RecruitList.swift */; };
		948AEA0F20F12CCB003CF30F /* RecruitListData.swift in Sources */ = {isa = PBXBuildFile; fileRef = 948AEA0E20F12CCB003CF30F /* RecruitListData.swift */; };
		948AEA1320F1E6E8003CF30F /* onePartCollectionViewCell.swift in Sources */ = {isa = PBXBuildFile; fileRef = 948AEA1220F1E6E8003CF30F /* onePartCollectionViewCell.swift */; };
		948AEA1520F1EF11003CF30F /* RecruitDetail.swift in Sources */ = {isa = PBXBuildFile; fileRef = 948AEA1420F1EF11003CF30F /* RecruitDetail.swift */; };
		948AEA1720F1EF20003CF30F /* RecruitDetailData.swift in Sources */ = {isa = PBXBuildFile; fileRef = 948AEA1620F1EF20003CF30F /* RecruitDetailData.swift */; };
		94EA8FEE20EB8263006EC50A /* SearchNewViewController.swift in Sources */ = {isa = PBXBuildFile; fileRef = 94EA8FED20EB8263006EC50A /* SearchNewViewController.swift */; };
		94EA8FF020EBB055006EC50A /* ExtensionController.swift in Sources */ = {isa = PBXBuildFile; fileRef = 94EA8FEF20EBB055006EC50A /* ExtensionController.swift */; };
		94ECBF9320E953FE002F9F92 /* PagingCollectionViewCell.swift in Sources */ = {isa = PBXBuildFile; fileRef = 94ECBF9220E953FE002F9F92 /* PagingCollectionViewCell.swift */; };
		94ECBF9520E95405002F9F92 /* ListCollectionViewCell.swift in Sources */ = {isa = PBXBuildFile; fileRef = 94ECBF9420E95405002F9F92 /* ListCollectionViewCell.swift */; };
		94ECBF9820E95E34002F9F92 /* ProjectIntroViewController.swift in Sources */ = {isa = PBXBuildFile; fileRef = 94ECBF9720E95E34002F9F92 /* ProjectIntroViewController.swift */; };
		94ECBF9C20E962CD002F9F92 /* ProjectFullViewController.swift in Sources */ = {isa = PBXBuildFile; fileRef = 94ECBF9B20E962CD002F9F92 /* ProjectFullViewController.swift */; };
		94ECBFA020E964A3002F9F92 /* ProjectJoinViewController.swift in Sources */ = {isa = PBXBuildFile; fileRef = 94ECBF9F20E964A3002F9F92 /* ProjectJoinViewController.swift */; };
		94ECBFA220E96776002F9F92 /* ProjectPartDetailViewController.swift in Sources */ = {isa = PBXBuildFile; fileRef = 94ECBFA120E96776002F9F92 /* ProjectPartDetailViewController.swift */; };
		94ECBFA420E96A0E002F9F92 /* ProjectMemberViewController.swift in Sources */ = {isa = PBXBuildFile; fileRef = 94ECBFA320E96A0E002F9F92 /* ProjectMemberViewController.swift */; };
		E41A8F6E20EA62900009F330 /* CreateImageCollectionViewCell.swift in Sources */ = {isa = PBXBuildFile; fileRef = E41A8F6D20EA62900009F330 /* CreateImageCollectionViewCell.swift */; };
		E41BC9F320EE411800DAD27F /* Profile2.storyboard in Resources */ = {isa = PBXBuildFile; fileRef = E41BC9F220EE411800DAD27F /* Profile2.storyboard */; };
		E4661BAF20ECECA8009BFE0F /* CreateNewProjectService.swift in Sources */ = {isa = PBXBuildFile; fileRef = E4661BAE20ECECA8009BFE0F /* CreateNewProjectService.swift */; };
		E4692B2920EC14BB000F4A72 /* AlarmSecondViewController.swift in Sources */ = {isa = PBXBuildFile; fileRef = E4692B2820EC14BB000F4A72 /* AlarmSecondViewController.swift */; };
		E4692B2B20EC14F7000F4A72 /* messageTableViewCell.swift in Sources */ = {isa = PBXBuildFile; fileRef = E4692B2A20EC14F7000F4A72 /* messageTableViewCell.swift */; };
		E4692B2D20EC9AA3000F4A72 /* SendingMessageViewController.swift in Sources */ = {isa = PBXBuildFile; fileRef = E4692B2C20EC9AA3000F4A72 /* SendingMessageViewController.swift */; };
		E473A9AB20EA5C8900B51830 /* CreateLastViewController.swift in Sources */ = {isa = PBXBuildFile; fileRef = E473A9AA20EA5C8900B51830 /* CreateLastViewController.swift */; };
		E495549320EE96AE00D4A335 /* IntroductionEditCollectionViewCell.swift in Sources */ = {isa = PBXBuildFile; fileRef = E495549220EE96AE00D4A335 /* IntroductionEditCollectionViewCell.swift */; };
		E4CD826920EFC76000352A78 /* MessageService.swift in Sources */ = {isa = PBXBuildFile; fileRef = E4CD826820EFC76000352A78 /* MessageService.swift */; };
		E4CD826C20EFD59600352A78 /* Message.swift in Sources */ = {isa = PBXBuildFile; fileRef = E4CD826B20EFD59600352A78 /* Message.swift */; };
		E4CD826E20EFD5A000352A78 /* MessageData.swift in Sources */ = {isa = PBXBuildFile; fileRef = E4CD826D20EFD5A000352A78 /* MessageData.swift */; };
		E4CD827320F0AE8400352A78 /* ProjectDetail.swift in Sources */ = {isa = PBXBuildFile; fileRef = E4CD827220F0AE8400352A78 /* ProjectDetail.swift */; };
		E4CD827520F0AE9A00352A78 /* ProjectDetailData.swift in Sources */ = {isa = PBXBuildFile; fileRef = E4CD827420F0AE9A00352A78 /* ProjectDetailData.swift */; };
		E4CD827720F0E39100352A78 /* IndividualMessage.swift in Sources */ = {isa = PBXBuildFile; fileRef = E4CD827620F0E39100352A78 /* IndividualMessage.swift */; };
		E4CD827920F0E3A000352A78 /* IndividualMessageData.swift in Sources */ = {isa = PBXBuildFile; fileRef = E4CD827820F0E3A000352A78 /* IndividualMessageData.swift */; };
		E6231439F316A39B412F7A83 /* Pods_Cowalker.framework in Frameworks */ = {isa = PBXBuildFile; fileRef = 6F8749A2CEEC4B02DB346C00 /* Pods_Cowalker.framework */; };
/* End PBXBuildFile section */

/* Begin PBXFileReference section */
		6F8749A2CEEC4B02DB346C00 /* Pods_Cowalker.framework */ = {isa = PBXFileReference; explicitFileType = wrapper.framework; includeInIndex = 0; path = Pods_Cowalker.framework; sourceTree = BUILT_PRODUCTS_DIR; };
		700B20F5A0029BDA5ADF765D /* Pods-Cowalker.debug.xcconfig */ = {isa = PBXFileReference; includeInIndex = 1; lastKnownFileType = text.xcconfig; name = "Pods-Cowalker.debug.xcconfig"; path = "Pods/Target Support Files/Pods-Cowalker/Pods-Cowalker.debug.xcconfig"; sourceTree = "<group>"; };
		940325DF20EF6E27005B461A /* PartJoinCollectionViewCell.swift */ = {isa = PBXFileReference; lastKnownFileType = sourcecode.swift; path = PartJoinCollectionViewCell.swift; sourceTree = "<group>"; };
		9403DD0820E8E45A0049C497 /* alarmTableViewCell.swift */ = {isa = PBXFileReference; lastKnownFileType = sourcecode.swift; path = alarmTableViewCell.swift; sourceTree = "<group>"; };
		9403DD0C20E8E4FC0049C497 /* chattingTableViewCell.swift */ = {isa = PBXFileReference; lastKnownFileType = sourcecode.swift; path = chattingTableViewCell.swift; sourceTree = "<group>"; };
		9403DD0E20E92B130049C497 /* CreateCollectionViewCell.swift */ = {isa = PBXFileReference; lastKnownFileType = sourcecode.swift; path = CreateCollectionViewCell.swift; sourceTree = "<group>"; };
		9403DD1020E92B220049C497 /* DoingCollectionViewCell.swift */ = {isa = PBXFileReference; lastKnownFileType = sourcecode.swift; path = DoingCollectionViewCell.swift; sourceTree = "<group>"; };
		9403DD1220E92B340049C497 /* ApplyingCollectionViewCell.swift */ = {isa = PBXFileReference; lastKnownFileType = sourcecode.swift; path = ApplyingCollectionViewCell.swift; sourceTree = "<group>"; };
		9403DD1720E92F890049C497 /* IntroductionCollectionViewCell.swift */ = {isa = PBXFileReference; lastKnownFileType = sourcecode.swift; path = IntroductionCollectionViewCell.swift; sourceTree = "<group>"; };
		9403DD1B20E930540049C497 /* ScrapCollectionViewCell.swift */ = {isa = PBXFileReference; lastKnownFileType = sourcecode.swift; path = ScrapCollectionViewCell.swift; sourceTree = "<group>"; };
		9403DD1D20E9306C0049C497 /* MyScrapViewController.swift */ = {isa = PBXFileReference; lastKnownFileType = sourcecode.swift; path = MyScrapViewController.swift; sourceTree = "<group>"; };
		94057B1120E98EE3008875C5 /* FilterViewController.swift */ = {isa = PBXFileReference; lastKnownFileType = sourcecode.swift; path = FilterViewController.swift; sourceTree = "<group>"; };
		94057B1320E9959F008875C5 /* ProjectCollectionViewCell.swift */ = {isa = PBXFileReference; lastKnownFileType = sourcecode.swift; path = ProjectCollectionViewCell.swift; sourceTree = "<group>"; };
		94057B1520E99758008875C5 /* PartCollectionViewCell.swift */ = {isa = PBXFileReference; lastKnownFileType = sourcecode.swift; path = PartCollectionViewCell.swift; sourceTree = "<group>"; };
		94057B1720E9CCCF008875C5 /* CreateNewViewController.swift */ = {isa = PBXFileReference; lastKnownFileType = sourcecode.swift; path = CreateNewViewController.swift; sourceTree = "<group>"; };
		94057B1920E9DA85008875C5 /* CreateNaviViewController.swift */ = {isa = PBXFileReference; lastKnownFileType = sourcecode.swift; path = CreateNaviViewController.swift; sourceTree = "<group>"; };
		9406D25E20ECB386001B145D /* FullPlusViewController.swift */ = {isa = PBXFileReference; lastKnownFileType = sourcecode.swift; path = FullPlusViewController.swift; sourceTree = "<group>"; };
		9406D26020ECB3C9001B145D /* FullEditViewController.swift */ = {isa = PBXFileReference; lastKnownFileType = sourcecode.swift; path = FullEditViewController.swift; sourceTree = "<group>"; };
		9406D26320ECCC33001B145D /* Project.storyboard */ = {isa = PBXFileReference; lastKnownFileType = file.storyboard; path = Project.storyboard; sourceTree = "<group>"; };
		9406D26820ECDE31001B145D /* RecruitPartViewController.swift */ = {isa = PBXFileReference; lastKnownFileType = sourcecode.swift; path = RecruitPartViewController.swift; sourceTree = "<group>"; };
		9406D26D20ECF240001B145D /* RecruitNextViewController.swift */ = {isa = PBXFileReference; lastKnownFileType = sourcecode.swift; path = RecruitNextViewController.swift; sourceTree = "<group>"; };
		9406D27620EDAEE0001B145D /* ApplyService.swift */ = {isa = PBXFileReference; lastKnownFileType = sourcecode.swift; path = ApplyService.swift; sourceTree = "<group>"; };
		944A9F3D20E8AAF900F5FE80 /* Cowalker.app */ = {isa = PBXFileReference; explicitFileType = wrapper.application; includeInIndex = 0; path = Cowalker.app; sourceTree = BUILT_PRODUCTS_DIR; };
		944A9F4020E8AAF900F5FE80 /* AppDelegate.swift */ = {isa = PBXFileReference; lastKnownFileType = sourcecode.swift; path = AppDelegate.swift; sourceTree = "<group>"; };
		944A9F4720E8AAF900F5FE80 /* Assets.xcassets */ = {isa = PBXFileReference; lastKnownFileType = folder.assetcatalog; path = Assets.xcassets; sourceTree = "<group>"; };
		944A9F4A20E8AAF900F5FE80 /* Base */ = {isa = PBXFileReference; lastKnownFileType = file.storyboard; name = Base; path = Base.lproj/LaunchScreen.storyboard; sourceTree = "<group>"; };
		944A9F4C20E8AAF900F5FE80 /* Info.plist */ = {isa = PBXFileReference; lastKnownFileType = text.plist.xml; path = Info.plist; sourceTree = "<group>"; };
		944A9F5320E8AE6800F5FE80 /* LoginViewController.swift */ = {isa = PBXFileReference; lastKnownFileType = sourcecode.swift; path = LoginViewController.swift; sourceTree = "<group>"; };
		944A9F5520E8AE8600F5FE80 /* LoginService.swift */ = {isa = PBXFileReference; lastKnownFileType = sourcecode.swift; path = LoginService.swift; sourceTree = "<group>"; };
		944A9F5720E8AED100F5FE80 /* Main.storyboard */ = {isa = PBXFileReference; lastKnownFileType = file.storyboard; path = Main.storyboard; sourceTree = "<group>"; };
		944A9F5920E8AFE400F5FE80 /* JoinViewController.swift */ = {isa = PBXFileReference; lastKnownFileType = sourcecode.swift; path = JoinViewController.swift; sourceTree = "<group>"; };
		944A9F5B20E8B0BE00F5FE80 /* APIService.swift */ = {isa = PBXFileReference; lastKnownFileType = sourcecode.swift; path = APIService.swift; sourceTree = "<group>"; };
		944A9F5D20E8B0D000F5FE80 /* JoinService.swift */ = {isa = PBXFileReference; lastKnownFileType = sourcecode.swift; path = JoinService.swift; sourceTree = "<group>"; };
		944A9F6420E8B50500F5FE80 /* Home.storyboard */ = {isa = PBXFileReference; lastKnownFileType = file.storyboard; path = Home.storyboard; sourceTree = "<group>"; };
		944A9F6620E8B53200F5FE80 /* HomeViewController.swift */ = {isa = PBXFileReference; lastKnownFileType = sourcecode.swift; path = HomeViewController.swift; sourceTree = "<group>"; };
		944A9F6820E8B58B00F5FE80 /* SearchViewController.swift */ = {isa = PBXFileReference; lastKnownFileType = sourcecode.swift; path = SearchViewController.swift; sourceTree = "<group>"; };
		944A9F6A20E8B59400F5FE80 /* CreateViewController.swift */ = {isa = PBXFileReference; lastKnownFileType = sourcecode.swift; path = CreateViewController.swift; sourceTree = "<group>"; };
		944A9F6C20E8B5C500F5FE80 /* AlarmViewController.swift */ = {isa = PBXFileReference; lastKnownFileType = sourcecode.swift; path = AlarmViewController.swift; sourceTree = "<group>"; };
		944A9F6E20E8B5CC00F5FE80 /* ProfileViewController.swift */ = {isa = PBXFileReference; lastKnownFileType = sourcecode.swift; path = ProfileViewController.swift; sourceTree = "<group>"; };
		944A9F7020E8B5D900F5FE80 /* Search.storyboard */ = {isa = PBXFileReference; lastKnownFileType = file.storyboard; path = Search.storyboard; sourceTree = "<group>"; };
		944A9F7220E8B5E200F5FE80 /* Create.storyboard */ = {isa = PBXFileReference; lastKnownFileType = file.storyboard; path = Create.storyboard; sourceTree = "<group>"; };
		944A9F7420E8B5EA00F5FE80 /* Alarm.storyboard */ = {isa = PBXFileReference; lastKnownFileType = file.storyboard; path = Alarm.storyboard; sourceTree = "<group>"; };
		944A9F7720E8B5F900F5FE80 /* Profile.storyboard */ = {isa = PBXFileReference; lastKnownFileType = file.storyboard; path = Profile.storyboard; sourceTree = "<group>"; };
		944A9F7920E8BB7700F5FE80 /* MyTabViewController.swift */ = {isa = PBXFileReference; lastKnownFileType = sourcecode.swift; path = MyTabViewController.swift; sourceTree = "<group>"; };
		944A9F7B20E8D3CA00F5FE80 /* projectCollectionViewCell.swift */ = {isa = PBXFileReference; lastKnownFileType = sourcecode.swift; path = projectCollectionViewCell.swift; sourceTree = "<group>"; };
		944A9F7D20E8DFCA00F5FE80 /* ProfileEditViewController.swift */ = {isa = PBXFileReference; lastKnownFileType = sourcecode.swift; path = ProfileEditViewController.swift; sourceTree = "<group>"; };
		944A9F7F20E8DFE100F5FE80 /* MyPageViewController.swift */ = {isa = PBXFileReference; lastKnownFileType = sourcecode.swift; path = MyPageViewController.swift; sourceTree = "<group>"; };
		944A9F8120E8DFF700F5FE80 /* MyProjectViewController.swift */ = {isa = PBXFileReference; lastKnownFileType = sourcecode.swift; path = MyProjectViewController.swift; sourceTree = "<group>"; };
		944A9F8320E8E00E00F5FE80 /* MyPageUpdateViewController.swift */ = {isa = PBXFileReference; lastKnownFileType = sourcecode.swift; path = MyPageUpdateViewController.swift; sourceTree = "<group>"; };
		944A9F8720E8E03D00F5FE80 /* MyBagViewController.swift */ = {isa = PBXFileReference; lastKnownFileType = sourcecode.swift; path = MyBagViewController.swift; sourceTree = "<group>"; };
		948AE9DF20EFDC50003CF30F /* memTableViewCell.swift */ = {isa = PBXFileReference; lastKnownFileType = sourcecode.swift; path = memTableViewCell.swift; sourceTree = "<group>"; };
		948AE9E120EFE15D003CF30F /* ApplyMemberViewController.swift */ = {isa = PBXFileReference; lastKnownFileType = sourcecode.swift; path = ApplyMemberViewController.swift; sourceTree = "<group>"; };
		948AE9E320EFE1C8003CF30F /* applyMemTableViewCell.swift */ = {isa = PBXFileReference; lastKnownFileType = sourcecode.swift; path = applyMemTableViewCell.swift; sourceTree = "<group>"; };
		948AE9E520EFF913003CF30F /* Full.storyboard */ = {isa = PBXFileReference; lastKnownFileType = file.storyboard; path = Full.storyboard; sourceTree = "<group>"; };
		948AE9E720EFFD34003CF30F /* Detail.storyboard */ = {isa = PBXFileReference; lastKnownFileType = file.storyboard; path = Detail.storyboard; sourceTree = "<group>"; };
		948AE9E920EFFE9C003CF30F /* Recruit.storyboard */ = {isa = PBXFileReference; lastKnownFileType = file.storyboard; path = Recruit.storyboard; sourceTree = "<group>"; };
		948AE9EE20F000CA003CF30F /* ResumeViewController.swift */ = {isa = PBXFileReference; lastKnownFileType = sourcecode.swift; path = ResumeViewController.swift; sourceTree = "<group>"; };
		948AE9F220F015CC003CF30F /* Apply.swift */ = {isa = PBXFileReference; lastKnownFileType = sourcecode.swift; path = Apply.swift; sourceTree = "<group>"; };
		948AE9F420F015EA003CF30F /* ApplyData.swift */ = {isa = PBXFileReference; lastKnownFileType = sourcecode.swift; path = ApplyData.swift; sourceTree = "<group>"; };
		948AE9FB20F02C02003CF30F /* Recruit.swift */ = {isa = PBXFileReference; lastKnownFileType = sourcecode.swift; path = Recruit.swift; sourceTree = "<group>"; };
		948AE9FD20F02C0C003CF30F /* RecruitData.swift */ = {isa = PBXFileReference; lastKnownFileType = sourcecode.swift; path = RecruitData.swift; sourceTree = "<group>"; };
		948AE9FF20F0971F003CF30F /* RecruitService.swift */ = {isa = PBXFileReference; lastKnownFileType = sourcecode.swift; path = RecruitService.swift; sourceTree = "<group>"; };
		948AEA0520F09898003CF30F /* Apply.storyboard */ = {isa = PBXFileReference; lastKnownFileType = file.storyboard; path = Apply.storyboard; sourceTree = "<group>"; };
		948AEA0C20F12ADB003CF30F /* RecruitList.swift */ = {isa = PBXFileReference; lastKnownFileType = sourcecode.swift; path = RecruitList.swift; sourceTree = "<group>"; };
		948AEA0E20F12CCB003CF30F /* RecruitListData.swift */ = {isa = PBXFileReference; lastKnownFileType = sourcecode.swift; path = RecruitListData.swift; sourceTree = "<group>"; };
		948AEA1220F1E6E8003CF30F /* onePartCollectionViewCell.swift */ = {isa = PBXFileReference; lastKnownFileType = sourcecode.swift; path = onePartCollectionViewCell.swift; sourceTree = "<group>"; };
		948AEA1420F1EF11003CF30F /* RecruitDetail.swift */ = {isa = PBXFileReference; lastKnownFileType = sourcecode.swift; path = RecruitDetail.swift; sourceTree = "<group>"; };
		948AEA1620F1EF20003CF30F /* RecruitDetailData.swift */ = {isa = PBXFileReference; lastKnownFileType = sourcecode.swift; path = RecruitDetailData.swift; sourceTree = "<group>"; };
		94EA8FED20EB8263006EC50A /* SearchNewViewController.swift */ = {isa = PBXFileReference; lastKnownFileType = sourcecode.swift; path = SearchNewViewController.swift; sourceTree = "<group>"; };
		94EA8FEF20EBB055006EC50A /* ExtensionController.swift */ = {isa = PBXFileReference; lastKnownFileType = sourcecode.swift; path = ExtensionController.swift; sourceTree = "<group>"; };
		94ECBF9220E953FE002F9F92 /* PagingCollectionViewCell.swift */ = {isa = PBXFileReference; lastKnownFileType = sourcecode.swift; path = PagingCollectionViewCell.swift; sourceTree = "<group>"; };
		94ECBF9420E95405002F9F92 /* ListCollectionViewCell.swift */ = {isa = PBXFileReference; lastKnownFileType = sourcecode.swift; path = ListCollectionViewCell.swift; sourceTree = "<group>"; };
		94ECBF9720E95E34002F9F92 /* ProjectIntroViewController.swift */ = {isa = PBXFileReference; lastKnownFileType = sourcecode.swift; path = ProjectIntroViewController.swift; sourceTree = "<group>"; };
		94ECBF9B20E962CD002F9F92 /* ProjectFullViewController.swift */ = {isa = PBXFileReference; lastKnownFileType = sourcecode.swift; path = ProjectFullViewController.swift; sourceTree = "<group>"; };
		94ECBF9F20E964A3002F9F92 /* ProjectJoinViewController.swift */ = {isa = PBXFileReference; lastKnownFileType = sourcecode.swift; path = ProjectJoinViewController.swift; sourceTree = "<group>"; };
		94ECBFA120E96776002F9F92 /* ProjectPartDetailViewController.swift */ = {isa = PBXFileReference; lastKnownFileType = sourcecode.swift; path = ProjectPartDetailViewController.swift; sourceTree = "<group>"; };
		94ECBFA320E96A0E002F9F92 /* ProjectMemberViewController.swift */ = {isa = PBXFileReference; lastKnownFileType = sourcecode.swift; path = ProjectMemberViewController.swift; sourceTree = "<group>"; };
		99AEF46B244E09E4EC0E1D36 /* Pods-Cowalker.release.xcconfig */ = {isa = PBXFileReference; includeInIndex = 1; lastKnownFileType = text.xcconfig; name = "Pods-Cowalker.release.xcconfig"; path = "Pods/Target Support Files/Pods-Cowalker/Pods-Cowalker.release.xcconfig"; sourceTree = "<group>"; };
		E41A8F6D20EA62900009F330 /* CreateImageCollectionViewCell.swift */ = {isa = PBXFileReference; lastKnownFileType = sourcecode.swift; path = CreateImageCollectionViewCell.swift; sourceTree = "<group>"; };
		E41BC9F220EE411800DAD27F /* Profile2.storyboard */ = {isa = PBXFileReference; lastKnownFileType = file.storyboard; path = Profile2.storyboard; sourceTree = "<group>"; };
		E4661BAE20ECECA8009BFE0F /* CreateNewProjectService.swift */ = {isa = PBXFileReference; lastKnownFileType = sourcecode.swift; path = CreateNewProjectService.swift; sourceTree = "<group>"; };
		E4692B2820EC14BB000F4A72 /* AlarmSecondViewController.swift */ = {isa = PBXFileReference; lastKnownFileType = sourcecode.swift; path = AlarmSecondViewController.swift; sourceTree = "<group>"; };
		E4692B2A20EC14F7000F4A72 /* messageTableViewCell.swift */ = {isa = PBXFileReference; lastKnownFileType = sourcecode.swift; path = messageTableViewCell.swift; sourceTree = "<group>"; };
		E4692B2C20EC9AA3000F4A72 /* SendingMessageViewController.swift */ = {isa = PBXFileReference; lastKnownFileType = sourcecode.swift; path = SendingMessageViewController.swift; sourceTree = "<group>"; };
		E473A9AA20EA5C8900B51830 /* CreateLastViewController.swift */ = {isa = PBXFileReference; lastKnownFileType = sourcecode.swift; path = CreateLastViewController.swift; sourceTree = "<group>"; };
		E495549220EE96AE00D4A335 /* IntroductionEditCollectionViewCell.swift */ = {isa = PBXFileReference; lastKnownFileType = sourcecode.swift; path = IntroductionEditCollectionViewCell.swift; sourceTree = "<group>"; };
		E4CD826820EFC76000352A78 /* MessageService.swift */ = {isa = PBXFileReference; lastKnownFileType = sourcecode.swift; path = MessageService.swift; sourceTree = "<group>"; };
		E4CD826B20EFD59600352A78 /* Message.swift */ = {isa = PBXFileReference; lastKnownFileType = sourcecode.swift; path = Message.swift; sourceTree = "<group>"; };
		E4CD826D20EFD5A000352A78 /* MessageData.swift */ = {isa = PBXFileReference; lastKnownFileType = sourcecode.swift; path = MessageData.swift; sourceTree = "<group>"; };
		E4CD827220F0AE8400352A78 /* ProjectDetail.swift */ = {isa = PBXFileReference; lastKnownFileType = sourcecode.swift; path = ProjectDetail.swift; sourceTree = "<group>"; };
		E4CD827420F0AE9A00352A78 /* ProjectDetailData.swift */ = {isa = PBXFileReference; lastKnownFileType = sourcecode.swift; path = ProjectDetailData.swift; sourceTree = "<group>"; };
		E4CD827620F0E39100352A78 /* IndividualMessage.swift */ = {isa = PBXFileReference; lastKnownFileType = sourcecode.swift; path = IndividualMessage.swift; sourceTree = "<group>"; };
		E4CD827820F0E3A000352A78 /* IndividualMessageData.swift */ = {isa = PBXFileReference; lastKnownFileType = sourcecode.swift; path = IndividualMessageData.swift; sourceTree = "<group>"; };
/* End PBXFileReference section */

/* Begin PBXFrameworksBuildPhase section */
		944A9F3A20E8AAF900F5FE80 /* Frameworks */ = {
			isa = PBXFrameworksBuildPhase;
			buildActionMask = 2147483647;
			files = (
				E6231439F316A39B412F7A83 /* Pods_Cowalker.framework in Frameworks */,
			);
			runOnlyForDeploymentPostprocessing = 0;
		};
/* End PBXFrameworksBuildPhase section */

/* Begin PBXGroup section */
		9403DD1420E92D260049C497 /* -project */ = {
			isa = PBXGroup;
			children = (
				9403DD0E20E92B130049C497 /* CreateCollectionViewCell.swift */,
				9403DD1020E92B220049C497 /* DoingCollectionViewCell.swift */,
				9403DD1220E92B340049C497 /* ApplyingCollectionViewCell.swift */,
				944A9F8120E8DFF700F5FE80 /* MyProjectViewController.swift */,
			);
			path = "-project";
			sourceTree = "<group>";
		};
		9403DD1520E92D6D0049C497 /* -script */ = {
			isa = PBXGroup;
			children = (
				9403DD1B20E930540049C497 /* ScrapCollectionViewCell.swift */,
				9403DD1D20E9306C0049C497 /* MyScrapViewController.swift */,
			);
			path = "-script";
			sourceTree = "<group>";
		};
		9403DD1620E92DF20049C497 /* -mypage */ = {
			isa = PBXGroup;
			children = (
				944A9F7F20E8DFE100F5FE80 /* MyPageViewController.swift */,
				9403DD1720E92F890049C497 /* IntroductionCollectionViewCell.swift */,
				E495549220EE96AE00D4A335 /* IntroductionEditCollectionViewCell.swift */,
			);
			path = "-mypage";
			sourceTree = "<group>";
		};
		9406D25C20ECB115001B145D /* 0.intro */ = {
			isa = PBXGroup;
			children = (
				948AEA0B20F0A42B003CF30F /* Model */,
				948AEA0A20F0A421003CF30F /* Service */,
				9406D26320ECCC33001B145D /* Project.storyboard */,
				94ECBF9720E95E34002F9F92 /* ProjectIntroViewController.swift */,
				94057B1320E9959F008875C5 /* ProjectCollectionViewCell.swift */,
				94057B1520E99758008875C5 /* PartCollectionViewCell.swift */,
			);
			path = 0.intro;
			sourceTree = "<group>";
		};
		944A9F3420E8AAF900F5FE80 = {
			isa = PBXGroup;
			children = (
				944A9F3F20E8AAF900F5FE80 /* Cowalker */,
				944A9F3E20E8AAF900F5FE80 /* Products */,
				9B8EABFC6229578F8787571A /* Pods */,
				D54FB4F7909222C82974B8B7 /* Frameworks */,
			);
			sourceTree = "<group>";
		};
		944A9F3E20E8AAF900F5FE80 /* Products */ = {
			isa = PBXGroup;
			children = (
				944A9F3D20E8AAF900F5FE80 /* Cowalker.app */,
			);
			name = Products;
			sourceTree = "<group>";
		};
		944A9F3F20E8AAF900F5FE80 /* Cowalker */ = {
			isa = PBXGroup;
			children = (
				944A9F5220E8AB7D00F5FE80 /* Login&Join */,
				948AE9F620F02883003CF30F /* 1.Home */,
				948AEA0120F09780003CF30F /* -1.Project */,
				944A9F6220E8B3BA00F5FE80 /* 2.Search */,
				944A9F6320E8B3CE00F5FE80 /* 3.Create */,
				944A9F6020E8B39300F5FE80 /* 4.Alarm */,
				944A9F6120E8B3AC00F5FE80 /* 5.Profile */,
				944A9F4020E8AAF900F5FE80 /* AppDelegate.swift */,
				944A9F5B20E8B0BE00F5FE80 /* APIService.swift */,
				944A9F4720E8AAF900F5FE80 /* Assets.xcassets */,
				944A9F4920E8AAF900F5FE80 /* LaunchScreen.storyboard */,
				944A9F4C20E8AAF900F5FE80 /* Info.plist */,
				94EA8FEF20EBB055006EC50A /* ExtensionController.swift */,
			);
			path = Cowalker;
			sourceTree = "<group>";
		};
		944A9F5220E8AB7D00F5FE80 /* Login&Join */ = {
			isa = PBXGroup;
			children = (
				94EA8FEC20EB7AF7006EC50A /* service */,
				944A9F5720E8AED100F5FE80 /* Main.storyboard */,
				944A9F5320E8AE6800F5FE80 /* LoginViewController.swift */,
				944A9F5920E8AFE400F5FE80 /* JoinViewController.swift */,
			);
			name = "Login&Join";
			path = "Login&Join/1.Home/Login&Join";
			sourceTree = "<group>";
		};
		944A9F6020E8B39300F5FE80 /* 4.Alarm */ = {
			isa = PBXGroup;
			children = (
				E4CD826A20EFD57700352A78 /* messageModel */,
				E4CD826720EFC72900352A78 /* MessageAPI */,
				944A9F6C20E8B5C500F5FE80 /* AlarmViewController.swift */,
				944A9F7420E8B5EA00F5FE80 /* Alarm.storyboard */,
				9403DD0820E8E45A0049C497 /* alarmTableViewCell.swift */,
				9403DD0C20E8E4FC0049C497 /* chattingTableViewCell.swift */,
				E4692B2820EC14BB000F4A72 /* AlarmSecondViewController.swift */,
				E4692B2A20EC14F7000F4A72 /* messageTableViewCell.swift */,
				E4692B2C20EC9AA3000F4A72 /* SendingMessageViewController.swift */,
			);
			path = 4.Alarm;
			sourceTree = "<group>";
		};
		944A9F6120E8B3AC00F5FE80 /* 5.Profile */ = {
			isa = PBXGroup;
			children = (
				E41BC9EF20EE40CE00DAD27F /* Profile2 */,
				944A9F7720E8B5F900F5FE80 /* Profile.storyboard */,
				9403DD1620E92DF20049C497 /* -mypage */,
				9403DD1520E92D6D0049C497 /* -script */,
				9403DD1420E92D260049C497 /* -project */,
				944A9F6E20E8B5CC00F5FE80 /* ProfileViewController.swift */,
				944A9F7D20E8DFCA00F5FE80 /* ProfileEditViewController.swift */,
				944A9F8320E8E00E00F5FE80 /* MyPageUpdateViewController.swift */,
				944A9F8720E8E03D00F5FE80 /* MyBagViewController.swift */,
			);
			path = 5.Profile;
			sourceTree = "<group>";
		};
		944A9F6220E8B3BA00F5FE80 /* 2.Search */ = {
			isa = PBXGroup;
			children = (
				944A9F6820E8B58B00F5FE80 /* SearchViewController.swift */,
				944A9F7020E8B5D900F5FE80 /* Search.storyboard */,
				944A9F7B20E8D3CA00F5FE80 /* projectCollectionViewCell.swift */,
				94057B1120E98EE3008875C5 /* FilterViewController.swift */,
				94EA8FED20EB8263006EC50A /* SearchNewViewController.swift */,
			);
			path = 2.Search;
			sourceTree = "<group>";
		};
		944A9F6320E8B3CE00F5FE80 /* 3.Create */ = {
			isa = PBXGroup;
			children = (
				E4CD827120F0AE6B00352A78 /* projectDetailModel */,
				E4661BAD20ECEC7C009BFE0F /* service */,
				944A9F6A20E8B59400F5FE80 /* CreateViewController.swift */,
				944A9F7220E8B5E200F5FE80 /* Create.storyboard */,
				94057B1720E9CCCF008875C5 /* CreateNewViewController.swift */,
				94057B1920E9DA85008875C5 /* CreateNaviViewController.swift */,
				E473A9AA20EA5C8900B51830 /* CreateLastViewController.swift */,
				E41A8F6D20EA62900009F330 /* CreateImageCollectionViewCell.swift */,
			);
			path = 3.Create;
			sourceTree = "<group>";
		};
		948AE9DE20EFD844003CF30F /* -member */ = {
			isa = PBXGroup;
			children = (
				94ECBFA320E96A0E002F9F92 /* ProjectMemberViewController.swift */,
				948AE9DF20EFDC50003CF30F /* memTableViewCell.swift */,
				948AE9E120EFE15D003CF30F /* ApplyMemberViewController.swift */,
				948AE9E320EFE1C8003CF30F /* applyMemTableViewCell.swift */,
			);
			path = "-member";
			sourceTree = "<group>";
		};
		948AE9ED20F000B4003CF30F /* -resume */ = {
			isa = PBXGroup;
			children = (
				948AE9EE20F000CA003CF30F /* ResumeViewController.swift */,
			);
			path = "-resume";
			sourceTree = "<group>";
		};
		948AE9F120F01582003CF30F /* ApplyModel */ = {
			isa = PBXGroup;
			children = (
				948AE9F220F015CC003CF30F /* Apply.swift */,
				948AE9F420F015EA003CF30F /* ApplyData.swift */,
			);
			path = ApplyModel;
			sourceTree = "<group>";
		};
		948AE9F620F02883003CF30F /* 1.Home */ = {
			isa = PBXGroup;
			children = (
				944A9F7920E8BB7700F5FE80 /* MyTabViewController.swift */,
				944A9F6420E8B50500F5FE80 /* Home.storyboard */,
				944A9F6620E8B53200F5FE80 /* HomeViewController.swift */,
				94ECBF9220E953FE002F9F92 /* PagingCollectionViewCell.swift */,
				94ECBF9420E95405002F9F92 /* ListCollectionViewCell.swift */,
			);
			name = 1.Home;
			path = "Login&Join/1.Home";
			sourceTree = "<group>";
		};
		948AE9F820F02B61003CF30F /* RecruitModel */ = {
			isa = PBXGroup;
			children = (
				948AE9FB20F02C02003CF30F /* Recruit.swift */,
				948AE9FD20F02C0C003CF30F /* RecruitData.swift */,
				948AEA0C20F12ADB003CF30F /* RecruitList.swift */,
				948AEA0E20F12CCB003CF30F /* RecruitListData.swift */,
				948AEA1420F1EF11003CF30F /* RecruitDetail.swift */,
				948AEA1620F1EF20003CF30F /* RecruitDetailData.swift */,
			);
			path = RecruitModel;
			sourceTree = "<group>";
		};
		948AE9F920F02B86003CF30F /* RecruitService */ = {
			isa = PBXGroup;
			children = (
				948AE9FF20F0971F003CF30F /* RecruitService.swift */,
			);
			path = RecruitService;
			sourceTree = "<group>";
		};
		948AE9FA20F02B93003CF30F /* ApplyService */ = {
			isa = PBXGroup;
			children = (
				9406D27620EDAEE0001B145D /* ApplyService.swift */,
			);
			path = ApplyService;
			sourceTree = "<group>";
		};
		948AEA0120F09780003CF30F /* -1.Project */ = {
			isa = PBXGroup;
			children = (
				9406D25C20ECB115001B145D /* 0.intro */,
				948AEA0720F09C5B003CF30F /* 1.Detail */,
				948AEA0220F097CD003CF30F /* 2.Apply */,
				948AEA0320F097DA003CF30F /* 3.Recruit */,
				948AEA0420F097FF003CF30F /* 4.Full */,
			);
			path = "-1.Project";
			sourceTree = "<group>";
		};
		948AEA0220F097CD003CF30F /* 2.Apply */ = {
			isa = PBXGroup;
			children = (
				948AE9F120F01582003CF30F /* ApplyModel */,
				948AE9FA20F02B93003CF30F /* ApplyService */,
				948AEA0920F09DD0003CF30F /* 1.지원하기 버튼 */,
			);
			path = 2.Apply;
			sourceTree = "<group>";
		};
		948AEA0320F097DA003CF30F /* 3.Recruit */ = {
			isa = PBXGroup;
			children = (
				948AE9F920F02B86003CF30F /* RecruitService */,
				948AE9F820F02B61003CF30F /* RecruitModel */,
				948AE9E920EFFE9C003CF30F /* Recruit.storyboard */,
				9406D26820ECDE31001B145D /* RecruitPartViewController.swift */,
				9406D26D20ECF240001B145D /* RecruitNextViewController.swift */,
			);
			path = 3.Recruit;
			sourceTree = "<group>";
		};
		948AEA0420F097FF003CF30F /* 4.Full */ = {
			isa = PBXGroup;
			children = (
				948AE9E520EFF913003CF30F /* Full.storyboard */,
				94ECBF9B20E962CD002F9F92 /* ProjectFullViewController.swift */,
				9406D25E20ECB386001B145D /* FullPlusViewController.swift */,
				9406D26020ECB3C9001B145D /* FullEditViewController.swift */,
			);
			path = 4.Full;
			sourceTree = "<group>";
		};
		948AEA0720F09C5B003CF30F /* 1.Detail */ = {
			isa = PBXGroup;
			children = (
				948AE9ED20F000B4003CF30F /* -resume */,
				94ECBFA120E96776002F9F92 /* ProjectPartDetailViewController.swift */,
				948AE9E720EFFD34003CF30F /* Detail.storyboard */,
				948AEA1220F1E6E8003CF30F /* onePartCollectionViewCell.swift */,
				948AE9DE20EFD844003CF30F /* -member */,
			);
			path = 1.Detail;
			sourceTree = "<group>";
		};
		948AEA0920F09DD0003CF30F /* 1.지원하기 버튼 */ = {
			isa = PBXGroup;
			children = (
				948AEA0520F09898003CF30F /* Apply.storyboard */,
				94ECBF9F20E964A3002F9F92 /* ProjectJoinViewController.swift */,
				940325DF20EF6E27005B461A /* PartJoinCollectionViewCell.swift */,
			);
			name = "1.지원하기 버튼";
			path = "1.지원하기 버튼";
			sourceTree = "<group>";
		};
		948AEA0A20F0A421003CF30F /* Service */ = {
			isa = PBXGroup;
			children = (
			);
			path = Service;
			sourceTree = "<group>";
		};
		948AEA0B20F0A42B003CF30F /* Model */ = {
			isa = PBXGroup;
			children = (
			);
			path = Model;
			sourceTree = "<group>";
		};
		94EA8FEC20EB7AF7006EC50A /* service */ = {
			isa = PBXGroup;
			children = (
				944A9F5D20E8B0D000F5FE80 /* JoinService.swift */,
				944A9F5520E8AE8600F5FE80 /* LoginService.swift */,
			);
			path = service;
			sourceTree = "<group>";
		};
		9B8EABFC6229578F8787571A /* Pods */ = {
			isa = PBXGroup;
			children = (
				700B20F5A0029BDA5ADF765D /* Pods-Cowalker.debug.xcconfig */,
				99AEF46B244E09E4EC0E1D36 /* Pods-Cowalker.release.xcconfig */,
			);
			name = Pods;
			sourceTree = "<group>";
		};
		D54FB4F7909222C82974B8B7 /* Frameworks */ = {
			isa = PBXGroup;
			children = (
				6F8749A2CEEC4B02DB346C00 /* Pods_Cowalker.framework */,
			);
			name = Frameworks;
			sourceTree = "<group>";
		};
		E41BC9EF20EE40CE00DAD27F /* Profile2 */ = {
			isa = PBXGroup;
			children = (
				E41BC9F220EE411800DAD27F /* Profile2.storyboard */,
			);
			path = Profile2;
			sourceTree = "<group>";
		};
		E4661BAD20ECEC7C009BFE0F /* service */ = {
			isa = PBXGroup;
			children = (
				E4661BAE20ECECA8009BFE0F /* CreateNewProjectService.swift */,
			);
			path = service;
			sourceTree = "<group>";
		};
		E4CD826720EFC72900352A78 /* MessageAPI */ = {
			isa = PBXGroup;
			children = (
				E4CD826820EFC76000352A78 /* MessageService.swift */,
			);
			path = MessageAPI;
			sourceTree = "<group>";
		};
		E4CD826A20EFD57700352A78 /* messageModel */ = {
			isa = PBXGroup;
			children = (
				E4CD826B20EFD59600352A78 /* Message.swift */,
				E4CD826D20EFD5A000352A78 /* MessageData.swift */,
				E4CD827620F0E39100352A78 /* IndividualMessage.swift */,
				E4CD827820F0E3A000352A78 /* IndividualMessageData.swift */,
			);
			path = messageModel;
			sourceTree = "<group>";
		};
		E4CD827120F0AE6B00352A78 /* projectDetailModel */ = {
			isa = PBXGroup;
			children = (
				E4CD827220F0AE8400352A78 /* ProjectDetail.swift */,
				E4CD827420F0AE9A00352A78 /* ProjectDetailData.swift */,
			);
			path = projectDetailModel;
			sourceTree = "<group>";
		};
/* End PBXGroup section */

/* Begin PBXNativeTarget section */
		944A9F3C20E8AAF900F5FE80 /* Cowalker */ = {
			isa = PBXNativeTarget;
			buildConfigurationList = 944A9F4F20E8AAF900F5FE80 /* Build configuration list for PBXNativeTarget "Cowalker" */;
			buildPhases = (
				749125B8D1DFF2F852E5177B /* [CP] Check Pods Manifest.lock */,
				944A9F3920E8AAF900F5FE80 /* Sources */,
				944A9F3A20E8AAF900F5FE80 /* Frameworks */,
				944A9F3B20E8AAF900F5FE80 /* Resources */,
				598E512EC08704BF4A64EBB6 /* [CP] Embed Pods Frameworks */,
			);
			buildRules = (
			);
			dependencies = (
			);
			name = Cowalker;
			productName = Cowalker;
			productReference = 944A9F3D20E8AAF900F5FE80 /* Cowalker.app */;
			productType = "com.apple.product-type.application";
		};
/* End PBXNativeTarget section */

/* Begin PBXProject section */
		944A9F3520E8AAF900F5FE80 /* Project object */ = {
			isa = PBXProject;
			attributes = {
				LastSwiftUpdateCheck = 0920;
				LastUpgradeCheck = 0920;
				ORGANIZATIONNAME = "조예원";
				TargetAttributes = {
					944A9F3C20E8AAF900F5FE80 = {
						CreatedOnToolsVersion = 9.2;
						ProvisioningStyle = Automatic;
					};
				};
			};
			buildConfigurationList = 944A9F3820E8AAF900F5FE80 /* Build configuration list for PBXProject "Cowalker" */;
			compatibilityVersion = "Xcode 8.0";
			developmentRegion = en;
			hasScannedForEncodings = 0;
			knownRegions = (
				en,
				Base,
			);
			mainGroup = 944A9F3420E8AAF900F5FE80;
			productRefGroup = 944A9F3E20E8AAF900F5FE80 /* Products */;
			projectDirPath = "";
			projectRoot = "";
			targets = (
				944A9F3C20E8AAF900F5FE80 /* Cowalker */,
			);
		};
/* End PBXProject section */

/* Begin PBXResourcesBuildPhase section */
		944A9F3B20E8AAF900F5FE80 /* Resources */ = {
			isa = PBXResourcesBuildPhase;
			buildActionMask = 2147483647;
			files = (
				944A9F5820E8AED100F5FE80 /* Main.storyboard in Resources */,
				E41BC9F320EE411800DAD27F /* Profile2.storyboard in Resources */,
				944A9F4B20E8AAF900F5FE80 /* LaunchScreen.storyboard in Resources */,
				944A9F7820E8B5F900F5FE80 /* Profile.storyboard in Resources */,
				944A9F4820E8AAF900F5FE80 /* Assets.xcassets in Resources */,
				944A9F7520E8B5EA00F5FE80 /* Alarm.storyboard in Resources */,
				948AE9EA20EFFE9C003CF30F /* Recruit.storyboard in Resources */,
				944A9F6520E8B50500F5FE80 /* Home.storyboard in Resources */,
				944A9F7320E8B5E200F5FE80 /* Create.storyboard in Resources */,
				944A9F7120E8B5D900F5FE80 /* Search.storyboard in Resources */,
				9406D26420ECCC33001B145D /* Project.storyboard in Resources */,
				948AE9E620EFF913003CF30F /* Full.storyboard in Resources */,
				948AE9E820EFFD34003CF30F /* Detail.storyboard in Resources */,
				948AEA0620F09898003CF30F /* Apply.storyboard in Resources */,
			);
			runOnlyForDeploymentPostprocessing = 0;
		};
/* End PBXResourcesBuildPhase section */

/* Begin PBXShellScriptBuildPhase section */
		598E512EC08704BF4A64EBB6 /* [CP] Embed Pods Frameworks */ = {
			isa = PBXShellScriptBuildPhase;
			buildActionMask = 2147483647;
			files = (
			);
			inputPaths = (
				"${SRCROOT}/Pods/Target Support Files/Pods-Cowalker/Pods-Cowalker-frameworks.sh",
				"${BUILT_PRODUCTS_DIR}/Alamofire/Alamofire.framework",
				"${BUILT_PRODUCTS_DIR}/Kingfisher/Kingfisher.framework",
				"${BUILT_PRODUCTS_DIR}/ObjectMapper/ObjectMapper.framework",
				"${BUILT_PRODUCTS_DIR}/SwiftyJSON/SwiftyJSON.framework",
			);
			name = "[CP] Embed Pods Frameworks";
			outputPaths = (
				"${TARGET_BUILD_DIR}/${FRAMEWORKS_FOLDER_PATH}/Alamofire.framework",
				"${TARGET_BUILD_DIR}/${FRAMEWORKS_FOLDER_PATH}/Kingfisher.framework",
				"${TARGET_BUILD_DIR}/${FRAMEWORKS_FOLDER_PATH}/ObjectMapper.framework",
				"${TARGET_BUILD_DIR}/${FRAMEWORKS_FOLDER_PATH}/SwiftyJSON.framework",
			);
			runOnlyForDeploymentPostprocessing = 0;
			shellPath = /bin/sh;
			shellScript = "\"${SRCROOT}/Pods/Target Support Files/Pods-Cowalker/Pods-Cowalker-frameworks.sh\"\n";
			showEnvVarsInLog = 0;
		};
		749125B8D1DFF2F852E5177B /* [CP] Check Pods Manifest.lock */ = {
			isa = PBXShellScriptBuildPhase;
			buildActionMask = 2147483647;
			files = (
			);
			inputPaths = (
				"${PODS_PODFILE_DIR_PATH}/Podfile.lock",
				"${PODS_ROOT}/Manifest.lock",
			);
			name = "[CP] Check Pods Manifest.lock";
			outputPaths = (
				"$(DERIVED_FILE_DIR)/Pods-Cowalker-checkManifestLockResult.txt",
			);
			runOnlyForDeploymentPostprocessing = 0;
			shellPath = /bin/sh;
			shellScript = "diff \"${PODS_PODFILE_DIR_PATH}/Podfile.lock\" \"${PODS_ROOT}/Manifest.lock\" > /dev/null\nif [ $? != 0 ] ; then\n    # print error to STDERR\n    echo \"error: The sandbox is not in sync with the Podfile.lock. Run 'pod install' or update your CocoaPods installation.\" >&2\n    exit 1\nfi\n# This output is used by Xcode 'outputs' to avoid re-running this script phase.\necho \"SUCCESS\" > \"${SCRIPT_OUTPUT_FILE_0}\"\n";
			showEnvVarsInLog = 0;
		};
/* End PBXShellScriptBuildPhase section */

/* Begin PBXSourcesBuildPhase section */
		944A9F3920E8AAF900F5FE80 /* Sources */ = {
			isa = PBXSourcesBuildPhase;
			buildActionMask = 2147483647;
			files = (
				94ECBFA020E964A3002F9F92 /* ProjectJoinViewController.swift in Sources */,
				948AE9F520F015EA003CF30F /* ApplyData.swift in Sources */,
				944A9F6D20E8B5C500F5FE80 /* AlarmViewController.swift in Sources */,
				948AEA0D20F12ADB003CF30F /* RecruitList.swift in Sources */,
				E4CD826E20EFD5A000352A78 /* MessageData.swift in Sources */,
				944A9F5420E8AE6800F5FE80 /* LoginViewController.swift in Sources */,
				E495549320EE96AE00D4A335 /* IntroductionEditCollectionViewCell.swift in Sources */,
				944A9F7C20E8D3CA00F5FE80 /* projectCollectionViewCell.swift in Sources */,
				9403DD0920E8E45A0049C497 /* alarmTableViewCell.swift in Sources */,
				9403DD1120E92B220049C497 /* DoingCollectionViewCell.swift in Sources */,
				944A9F5E20E8B0D000F5FE80 /* JoinService.swift in Sources */,
				E4692B2920EC14BB000F4A72 /* AlarmSecondViewController.swift in Sources */,
				944A9F8220E8DFF700F5FE80 /* MyProjectViewController.swift in Sources */,
				94057B1A20E9DA85008875C5 /* CreateNaviViewController.swift in Sources */,
				9403DD1E20E9306C0049C497 /* MyScrapViewController.swift in Sources */,
				E4CD827920F0E3A000352A78 /* IndividualMessageData.swift in Sources */,
				9403DD1C20E930540049C497 /* ScrapCollectionViewCell.swift in Sources */,
				9406D26120ECB3C9001B145D /* FullEditViewController.swift in Sources */,
				948AE9E420EFE1C8003CF30F /* applyMemTableViewCell.swift in Sources */,
				E473A9AB20EA5C8900B51830 /* CreateLastViewController.swift in Sources */,
				E4CD827520F0AE9A00352A78 /* ProjectDetailData.swift in Sources */,
				E41A8F6E20EA62900009F330 /* CreateImageCollectionViewCell.swift in Sources */,
				9403DD1820E92F890049C497 /* IntroductionCollectionViewCell.swift in Sources */,
				944A9F6B20E8B59400F5FE80 /* CreateViewController.swift in Sources */,
				E4CD827720F0E39100352A78 /* IndividualMessage.swift in Sources */,
				E4CD826920EFC76000352A78 /* MessageService.swift in Sources */,
				948AEA1320F1E6E8003CF30F /* onePartCollectionViewCell.swift in Sources */,
				94ECBF9320E953FE002F9F92 /* PagingCollectionViewCell.swift in Sources */,
				948AE9E020EFDC50003CF30F /* memTableViewCell.swift in Sources */,
				948AEA1520F1EF11003CF30F /* RecruitDetail.swift in Sources */,
				944A9F8820E8E03D00F5FE80 /* MyBagViewController.swift in Sources */,
				948AE9EF20F000CA003CF30F /* ResumeViewController.swift in Sources */,
				94057B1420E9959F008875C5 /* ProjectCollectionViewCell.swift in Sources */,
				94EA8FEE20EB8263006EC50A /* SearchNewViewController.swift in Sources */,
				94ECBF9C20E962CD002F9F92 /* ProjectFullViewController.swift in Sources */,
				944A9F6920E8B58B00F5FE80 /* SearchViewController.swift in Sources */,
				94ECBFA220E96776002F9F92 /* ProjectPartDetailViewController.swift in Sources */,
				94ECBF9820E95E34002F9F92 /* ProjectIntroViewController.swift in Sources */,
				948AEA0F20F12CCB003CF30F /* RecruitListData.swift in Sources */,
				944A9F5C20E8B0BE00F5FE80 /* APIService.swift in Sources */,
				9406D27720EDAEE0001B145D /* ApplyService.swift in Sources */,
				944A9F8420E8E00E00F5FE80 /* MyPageUpdateViewController.swift in Sources */,
				9406D26E20ECF240001B145D /* RecruitNextViewController.swift in Sources */,
				E4CD827320F0AE8400352A78 /* ProjectDetail.swift in Sources */,
				9403DD1320E92B340049C497 /* ApplyingCollectionViewCell.swift in Sources */,
				944A9F6F20E8B5CC00F5FE80 /* ProfileViewController.swift in Sources */,
				944A9F7E20E8DFCA00F5FE80 /* ProfileEditViewController.swift in Sources */,
				948AEA1720F1EF20003CF30F /* RecruitDetailData.swift in Sources */,
				94057B1820E9CCCF008875C5 /* CreateNewViewController.swift in Sources */,
				9403DD0D20E8E4FC0049C497 /* chattingTableViewCell.swift in Sources */,
				948AE9E220EFE15D003CF30F /* ApplyMemberViewController.swift in Sources */,
				E4692B2B20EC14F7000F4A72 /* messageTableViewCell.swift in Sources */,
				944A9F4120E8AAF900F5FE80 /* AppDelegate.swift in Sources */,
				94EA8FF020EBB055006EC50A /* ExtensionController.swift in Sources */,
				94ECBFA420E96A0E002F9F92 /* ProjectMemberViewController.swift in Sources */,
				940325E020EF6E27005B461A /* PartJoinCollectionViewCell.swift in Sources */,
				944A9F8020E8DFE100F5FE80 /* MyPageViewController.swift in Sources */,
				948AE9FE20F02C0C003CF30F /* RecruitData.swift in Sources */,
				94ECBF9520E95405002F9F92 /* ListCollectionViewCell.swift in Sources */,
				E4CD826C20EFD59600352A78 /* Message.swift in Sources */,
				E4692B2D20EC9AA3000F4A72 /* SendingMessageViewController.swift in Sources */,
				94057B1620E99758008875C5 /* PartCollectionViewCell.swift in Sources */,
				948AE9F320F015CC003CF30F /* Apply.swift in Sources */,
				94057B1220E98EE3008875C5 /* FilterViewController.swift in Sources */,
				944A9F7A20E8BB7700F5FE80 /* MyTabViewController.swift in Sources */,
				9406D26920ECDE31001B145D /* RecruitPartViewController.swift in Sources */,
				944A9F5A20E8AFE400F5FE80 /* JoinViewController.swift in Sources */,
				948AE9FC20F02C02003CF30F /* Recruit.swift in Sources */,
				944A9F6720E8B53200F5FE80 /* HomeViewController.swift in Sources */,
				E4661BAF20ECECA8009BFE0F /* CreateNewProjectService.swift in Sources */,
				9406D25F20ECB386001B145D /* FullPlusViewController.swift in Sources */,
				9403DD0F20E92B130049C497 /* CreateCollectionViewCell.swift in Sources */,
				948AEA0020F0971F003CF30F /* RecruitService.swift in Sources */,
				944A9F5620E8AE8600F5FE80 /* LoginService.swift in Sources */,
			);
			runOnlyForDeploymentPostprocessing = 0;
		};
/* End PBXSourcesBuildPhase section */

/* Begin PBXVariantGroup section */
		944A9F4920E8AAF900F5FE80 /* LaunchScreen.storyboard */ = {
			isa = PBXVariantGroup;
			children = (
				944A9F4A20E8AAF900F5FE80 /* Base */,
			);
			name = LaunchScreen.storyboard;
			sourceTree = "<group>";
		};
/* End PBXVariantGroup section */

/* Begin XCBuildConfiguration section */
		944A9F4D20E8AAF900F5FE80 /* Debug */ = {
			isa = XCBuildConfiguration;
			buildSettings = {
				ALWAYS_SEARCH_USER_PATHS = NO;
				CLANG_ANALYZER_NONNULL = YES;
				CLANG_ANALYZER_NUMBER_OBJECT_CONVERSION = YES_AGGRESSIVE;
				CLANG_CXX_LANGUAGE_STANDARD = "gnu++14";
				CLANG_CXX_LIBRARY = "libc++";
				CLANG_ENABLE_MODULES = YES;
				CLANG_ENABLE_OBJC_ARC = YES;
				CLANG_WARN_BLOCK_CAPTURE_AUTORELEASING = YES;
				CLANG_WARN_BOOL_CONVERSION = YES;
				CLANG_WARN_COMMA = YES;
				CLANG_WARN_CONSTANT_CONVERSION = YES;
				CLANG_WARN_DIRECT_OBJC_ISA_USAGE = YES_ERROR;
				CLANG_WARN_DOCUMENTATION_COMMENTS = YES;
				CLANG_WARN_EMPTY_BODY = YES;
				CLANG_WARN_ENUM_CONVERSION = YES;
				CLANG_WARN_INFINITE_RECURSION = YES;
				CLANG_WARN_INT_CONVERSION = YES;
				CLANG_WARN_NON_LITERAL_NULL_CONVERSION = YES;
				CLANG_WARN_OBJC_LITERAL_CONVERSION = YES;
				CLANG_WARN_OBJC_ROOT_CLASS = YES_ERROR;
				CLANG_WARN_RANGE_LOOP_ANALYSIS = YES;
				CLANG_WARN_STRICT_PROTOTYPES = YES;
				CLANG_WARN_SUSPICIOUS_MOVE = YES;
				CLANG_WARN_UNGUARDED_AVAILABILITY = YES_AGGRESSIVE;
				CLANG_WARN_UNREACHABLE_CODE = YES;
				CLANG_WARN__DUPLICATE_METHOD_MATCH = YES;
				CODE_SIGN_IDENTITY = "iPhone Developer";
				COPY_PHASE_STRIP = NO;
				DEBUG_INFORMATION_FORMAT = dwarf;
				ENABLE_STRICT_OBJC_MSGSEND = YES;
				ENABLE_TESTABILITY = YES;
				GCC_C_LANGUAGE_STANDARD = gnu11;
				GCC_DYNAMIC_NO_PIC = NO;
				GCC_NO_COMMON_BLOCKS = YES;
				GCC_OPTIMIZATION_LEVEL = 0;
				GCC_PREPROCESSOR_DEFINITIONS = (
					"DEBUG=1",
					"$(inherited)",
				);
				GCC_WARN_64_TO_32_BIT_CONVERSION = YES;
				GCC_WARN_ABOUT_RETURN_TYPE = YES_ERROR;
				GCC_WARN_UNDECLARED_SELECTOR = YES;
				GCC_WARN_UNINITIALIZED_AUTOS = YES_AGGRESSIVE;
				GCC_WARN_UNUSED_FUNCTION = YES;
				GCC_WARN_UNUSED_VARIABLE = YES;
				IPHONEOS_DEPLOYMENT_TARGET = 11.2;
				MTL_ENABLE_DEBUG_INFO = YES;
				ONLY_ACTIVE_ARCH = YES;
				SDKROOT = iphoneos;
				SWIFT_ACTIVE_COMPILATION_CONDITIONS = DEBUG;
				SWIFT_OPTIMIZATION_LEVEL = "-Onone";
			};
			name = Debug;
		};
		944A9F4E20E8AAF900F5FE80 /* Release */ = {
			isa = XCBuildConfiguration;
			buildSettings = {
				ALWAYS_SEARCH_USER_PATHS = NO;
				CLANG_ANALYZER_NONNULL = YES;
				CLANG_ANALYZER_NUMBER_OBJECT_CONVERSION = YES_AGGRESSIVE;
				CLANG_CXX_LANGUAGE_STANDARD = "gnu++14";
				CLANG_CXX_LIBRARY = "libc++";
				CLANG_ENABLE_MODULES = YES;
				CLANG_ENABLE_OBJC_ARC = YES;
				CLANG_WARN_BLOCK_CAPTURE_AUTORELEASING = YES;
				CLANG_WARN_BOOL_CONVERSION = YES;
				CLANG_WARN_COMMA = YES;
				CLANG_WARN_CONSTANT_CONVERSION = YES;
				CLANG_WARN_DIRECT_OBJC_ISA_USAGE = YES_ERROR;
				CLANG_WARN_DOCUMENTATION_COMMENTS = YES;
				CLANG_WARN_EMPTY_BODY = YES;
				CLANG_WARN_ENUM_CONVERSION = YES;
				CLANG_WARN_INFINITE_RECURSION = YES;
				CLANG_WARN_INT_CONVERSION = YES;
				CLANG_WARN_NON_LITERAL_NULL_CONVERSION = YES;
				CLANG_WARN_OBJC_LITERAL_CONVERSION = YES;
				CLANG_WARN_OBJC_ROOT_CLASS = YES_ERROR;
				CLANG_WARN_RANGE_LOOP_ANALYSIS = YES;
				CLANG_WARN_STRICT_PROTOTYPES = YES;
				CLANG_WARN_SUSPICIOUS_MOVE = YES;
				CLANG_WARN_UNGUARDED_AVAILABILITY = YES_AGGRESSIVE;
				CLANG_WARN_UNREACHABLE_CODE = YES;
				CLANG_WARN__DUPLICATE_METHOD_MATCH = YES;
				CODE_SIGN_IDENTITY = "iPhone Developer";
				COPY_PHASE_STRIP = NO;
				DEBUG_INFORMATION_FORMAT = "dwarf-with-dsym";
				ENABLE_NS_ASSERTIONS = NO;
				ENABLE_STRICT_OBJC_MSGSEND = YES;
				GCC_C_LANGUAGE_STANDARD = gnu11;
				GCC_NO_COMMON_BLOCKS = YES;
				GCC_WARN_64_TO_32_BIT_CONVERSION = YES;
				GCC_WARN_ABOUT_RETURN_TYPE = YES_ERROR;
				GCC_WARN_UNDECLARED_SELECTOR = YES;
				GCC_WARN_UNINITIALIZED_AUTOS = YES_AGGRESSIVE;
				GCC_WARN_UNUSED_FUNCTION = YES;
				GCC_WARN_UNUSED_VARIABLE = YES;
				IPHONEOS_DEPLOYMENT_TARGET = 11.2;
				MTL_ENABLE_DEBUG_INFO = NO;
				SDKROOT = iphoneos;
				SWIFT_OPTIMIZATION_LEVEL = "-Owholemodule";
				VALIDATE_PRODUCT = YES;
			};
			name = Release;
		};
		944A9F5020E8AAF900F5FE80 /* Debug */ = {
			isa = XCBuildConfiguration;
			baseConfigurationReference = 700B20F5A0029BDA5ADF765D /* Pods-Cowalker.debug.xcconfig */;
			buildSettings = {
				ASSETCATALOG_COMPILER_APPICON_NAME = AppIcon;
				CODE_SIGN_STYLE = Automatic;
				DEVELOPMENT_TEAM = "";
				INFOPLIST_FILE = Cowalker/Info.plist;
				LD_RUNPATH_SEARCH_PATHS = "$(inherited) @executable_path/Frameworks";
				PODS_ROOT2 = "${SRCROOT}/Pods";
				PRODUCT_BUNDLE_IDENTIFIER = com.gooil.Cowalker;
				PRODUCT_NAME = "$(TARGET_NAME)";
				SWIFT_VERSION = 4.0;
				TARGETED_DEVICE_FAMILY = "1,2";
			};
			name = Debug;
		};
		944A9F5120E8AAF900F5FE80 /* Release */ = {
			isa = XCBuildConfiguration;
			baseConfigurationReference = 99AEF46B244E09E4EC0E1D36 /* Pods-Cowalker.release.xcconfig */;
			buildSettings = {
				ASSETCATALOG_COMPILER_APPICON_NAME = AppIcon;
				CODE_SIGN_STYLE = Automatic;
				DEVELOPMENT_TEAM = "";
				INFOPLIST_FILE = Cowalker/Info.plist;
				LD_RUNPATH_SEARCH_PATHS = "$(inherited) @executable_path/Frameworks";
				PODS_ROOT2 = "${SRCROOT}/Pods";
				PRODUCT_BUNDLE_IDENTIFIER = com.gooil.Cowalker;
				PRODUCT_NAME = "$(TARGET_NAME)";
				SWIFT_VERSION = 4.0;
				TARGETED_DEVICE_FAMILY = "1,2";
			};
			name = Release;
		};
/* End XCBuildConfiguration section */

/* Begin XCConfigurationList section */
		944A9F3820E8AAF900F5FE80 /* Build configuration list for PBXProject "Cowalker" */ = {
			isa = XCConfigurationList;
			buildConfigurations = (
				944A9F4D20E8AAF900F5FE80 /* Debug */,
				944A9F4E20E8AAF900F5FE80 /* Release */,
			);
			defaultConfigurationIsVisible = 0;
			defaultConfigurationName = Release;
		};
		944A9F4F20E8AAF900F5FE80 /* Build configuration list for PBXNativeTarget "Cowalker" */ = {
			isa = XCConfigurationList;
			buildConfigurations = (
				944A9F5020E8AAF900F5FE80 /* Debug */,
				944A9F5120E8AAF900F5FE80 /* Release */,
			);
			defaultConfigurationIsVisible = 0;
			defaultConfigurationName = Release;
		};
/* End XCConfigurationList section */
	};
	rootObject = 944A9F3520E8AAF900F5FE80 /* Project object */;
}
